
Microsoft Visual Studio Solution File, Format Version 12.00
# Visual Studio 15
VisualStudioVersion = 15.0.26730.15
MinimumVisualStudioVersion = 10.0.40219.1
Project("{8BC9CEB8-8B4A-11D0-8D11-00A0C91BC942}") = "Word Frequency", "Word Frequency\Word Frequency.vcxproj", "{7776E4BB-12D9-4FC8-A378-E9863A805475}"
EndProject
Global
	GlobalSection(SolutionConfigurationPlatforms) = preSolution
		Debug|x64 = Debug|x64
		Debug|x86 = Debug|x86
		Release|x64 = Release|x64
		Release|x86 = Release|x86
	EndGlobalSection
	GlobalSection(ProjectConfigurationPlatforms) = postSolution
		{7776E4BB-12D9-4FC8-A378-E9863A805475}.Debug|x64.ActiveCfg = Debug|x64
		{7776E4BB-12D9-4FC8-A378-E9863A805475}.Debug|x64.Build.0 = Debug|x64
		{7776E4BB-12D9-4FC8-A378-E9863A805475}.Debug|x86.ActiveCfg = Debug|Win32
		{7776E4BB-12D9-4FC8-A378-E9863A805475}.Debug|x86.Build.0 = Debug|Win32
		{7776E4BB-12D9-4FC8-A378-E9863A805475}.Release|x64.ActiveCfg = Release|x64
		{7776E4BB-12D9-4FC8-A378-E9863A805475}.Release|x64.Build.0 = Release|x64
		{7776E4BB-12D9-4FC8-A378-E9863A805475}.Release|x86.ActiveCfg = Release|Win32
		{7776E4BB-12D9-4FC8-A378-E9863A805475}.Release|x86.Build.0 = Release|Win32
	EndGlobalSection
	GlobalSection(SolutionProperties) = preSolution
		HideSolutionNode = FALSE
	EndGlobalSection
	GlobalSection(ExtensibilityGlobals) = postSolution
		SolutionGuid = {1604C00C-2E20-453D-8DBD-BF5A35507C00}
	EndGlobalSection
EndGlobal
